
Microsoft Visual Studio Solution File, Format Version 12.00
# Visual Studio 15
VisualStudioVersion = 15.0.27004.2010
MinimumVisualStudioVersion = 10.0.40219.1
Project("{FAE04EC0-301F-11D3-BF4B-00C04F79EFBC}") = "PodcastReview.Web", "PodcastReview.Web\PodcastReview.Web.csproj", "{A15AD7A7-0908-46A0-A364-64B2D1CDF62B}"
EndProject
Project("{FAE04EC0-301F-11D3-BF4B-00C04F79EFBC}") = "PodcastReview.Services", "PodcastReview.Services\PodcastReview.Services.csproj", "{1A038217-AB24-4365-B5D0-4BCB942E4578}"
EndProject
Project("{FAE04EC0-301F-11D3-BF4B-00C04F79EFBC}") = "PodcastReview.Models", "PodcastReview.Models\PodcastReview.Models.csproj", "{9194D57C-EB04-41C6-BD63-4561D6FD3F54}"
EndProject
Project("{FAE04EC0-301F-11D3-BF4B-00C04F79EFBC}") = "PodcastReview.Data", "PodcastReview.Data\PodcastReview.Data.csproj", "{985E01BA-3DD3-4A39-ADB9-34FDE0D01AE9}"
EndProject
Project("{FAE04EC0-301F-11D3-BF4B-00C04F79EFBC}") = "PodcastReview.Contracts", "PodcastReview.Contracts\PodcastReview.Contracts.csproj", "{4AEE22DB-9D46-495B-AC95-70E6F6BF11BC}"
EndProject
Project("{FAE04EC0-301F-11D3-BF4B-00C04F79EFBC}") = "PodcastReview.Web.Tests", "PodcastReview.Web.Tests\PodcastReview.Web.Tests.csproj", "{AB5DE33E-6E10-4A16-8872-E47ACF28E287}"
EndProject
Global
	GlobalSection(SolutionConfigurationPlatforms) = preSolution
		Debug|Any CPU = Debug|Any CPU
		Release|Any CPU = Release|Any CPU
	EndGlobalSection
	GlobalSection(ProjectConfigurationPlatforms) = postSolution
		{A15AD7A7-0908-46A0-A364-64B2D1CDF62B}.Debug|Any CPU.ActiveCfg = Debug|Any CPU
		{A15AD7A7-0908-46A0-A364-64B2D1CDF62B}.Debug|Any CPU.Build.0 = Debug|Any CPU
		{A15AD7A7-0908-46A0-A364-64B2D1CDF62B}.Release|Any CPU.ActiveCfg = Release|Any CPU
		{A15AD7A7-0908-46A0-A364-64B2D1CDF62B}.Release|Any CPU.Build.0 = Release|Any CPU
		{1A038217-AB24-4365-B5D0-4BCB942E4578}.Debug|Any CPU.ActiveCfg = Debug|Any CPU
		{1A038217-AB24-4365-B5D0-4BCB942E4578}.Debug|Any CPU.Build.0 = Debug|Any CPU
		{1A038217-AB24-4365-B5D0-4BCB942E4578}.Release|Any CPU.ActiveCfg = Release|Any CPU
		{1A038217-AB24-4365-B5D0-4BCB942E4578}.Release|Any CPU.Build.0 = Release|Any CPU
		{9194D57C-EB04-41C6-BD63-4561D6FD3F54}.Debug|Any CPU.ActiveCfg = Debug|Any CPU
		{9194D57C-EB04-41C6-BD63-4561D6FD3F54}.Debug|Any CPU.Build.0 = Debug|Any CPU
		{9194D57C-EB04-41C6-BD63-4561D6FD3F54}.Release|Any CPU.ActiveCfg = Release|Any CPU
		{9194D57C-EB04-41C6-BD63-4561D6FD3F54}.Release|Any CPU.Build.0 = Release|Any CPU
		{985E01BA-3DD3-4A39-ADB9-34FDE0D01AE9}.Debug|Any CPU.ActiveCfg = Debug|Any CPU
		{985E01BA-3DD3-4A39-ADB9-34FDE0D01AE9}.Debug|Any CPU.Build.0 = Debug|Any CPU
		{985E01BA-3DD3-4A39-ADB9-34FDE0D01AE9}.Release|Any CPU.ActiveCfg = Release|Any CPU
		{985E01BA-3DD3-4A39-ADB9-34FDE0D01AE9}.Release|Any CPU.Build.0 = Release|Any CPU
		{4AEE22DB-9D46-495B-AC95-70E6F6BF11BC}.Debug|Any CPU.ActiveCfg = Debug|Any CPU
		{4AEE22DB-9D46-495B-AC95-70E6F6BF11BC}.Debug|Any CPU.Build.0 = Debug|Any CPU
		{4AEE22DB-9D46-495B-AC95-70E6F6BF11BC}.Release|Any CPU.ActiveCfg = Release|Any CPU
		{4AEE22DB-9D46-495B-AC95-70E6F6BF11BC}.Release|Any CPU.Build.0 = Release|Any CPU
		{AB5DE33E-6E10-4A16-8872-E47ACF28E287}.Debug|Any CPU.ActiveCfg = Debug|Any CPU
		{AB5DE33E-6E10-4A16-8872-E47ACF28E287}.Debug|Any CPU.Build.0 = Debug|Any CPU
		{AB5DE33E-6E10-4A16-8872-E47ACF28E287}.Release|Any CPU.ActiveCfg = Release|Any CPU
		{AB5DE33E-6E10-4A16-8872-E47ACF28E287}.Release|Any CPU.Build.0 = Release|Any CPU
	EndGlobalSection
	GlobalSection(SolutionProperties) = preSolution
		HideSolutionNode = FALSE
	EndGlobalSection
	GlobalSection(ExtensibilityGlobals) = postSolution
		SolutionGuid = {41BB4677-D35F-44C4-BD62-A7E799E92269}
	EndGlobalSection
EndGlobal
